
Microsoft Visual Studio Solution File, Format Version 12.00
# Visual Studio Version 16
VisualStudioVersion = 16.0.30413.136
MinimumVisualStudioVersion = 10.0.40219.1
Project("{9A19103F-16F7-4668-BE54-9A1E7A4F7556}") = "ApplicationCore", "src\ApplicationCore\ApplicationCore.csproj", "{CF0362DE-D0C7-40A9-A688-20C5E2DADD48}"
EndProject
Project("{9A19103F-16F7-4668-BE54-9A1E7A4F7556}") = "Infrastructure", "src\Infrastructure\Infrastructure.csproj", "{B8840697-C09A-4E1E-9C11-34437A1542CF}"
EndProject
Project("{9A19103F-16F7-4668-BE54-9A1E7A4F7556}") = "Web", "src\Web\Web.csproj", "{6EBC5D9A-2F9C-4CC3-9C87-FEE574825E59}"
EndProject
Project("{2150E333-8FDC-42A3-9474-1A3956D46DE8}") = "src", "src", "{1B13C640-C141-4079-95EF-8722E1C7FF1B}"
EndProject
Global
	GlobalSection(SolutionConfigurationPlatforms) = preSolution
		Debug|Any CPU = Debug|Any CPU
		Release|Any CPU = Release|Any CPU
	EndGlobalSection
	GlobalSection(ProjectConfigurationPlatforms) = postSolution
		{CF0362DE-D0C7-40A9-A688-20C5E2DADD48}.Debug|Any CPU.ActiveCfg = Debug|Any CPU
		{CF0362DE-D0C7-40A9-A688-20C5E2DADD48}.Debug|Any CPU.Build.0 = Debug|Any CPU
		{CF0362DE-D0C7-40A9-A688-20C5E2DADD48}.Release|Any CPU.ActiveCfg = Release|Any CPU
		{CF0362DE-D0C7-40A9-A688-20C5E2DADD48}.Release|Any CPU.Build.0 = Release|Any CPU
		{B8840697-C09A-4E1E-9C11-34437A1542CF}.Debug|Any CPU.ActiveCfg = Debug|Any CPU
		{B8840697-C09A-4E1E-9C11-34437A1542CF}.Debug|Any CPU.Build.0 = Debug|Any CPU
		{B8840697-C09A-4E1E-9C11-34437A1542CF}.Release|Any CPU.ActiveCfg = Release|Any CPU
		{B8840697-C09A-4E1E-9C11-34437A1542CF}.Release|Any CPU.Build.0 = Release|Any CPU
		{6EBC5D9A-2F9C-4CC3-9C87-FEE574825E59}.Debug|Any CPU.ActiveCfg = Debug|Any CPU
		{6EBC5D9A-2F9C-4CC3-9C87-FEE574825E59}.Debug|Any CPU.Build.0 = Debug|Any CPU
		{6EBC5D9A-2F9C-4CC3-9C87-FEE574825E59}.Release|Any CPU.ActiveCfg = Release|Any CPU
		{6EBC5D9A-2F9C-4CC3-9C87-FEE574825E59}.Release|Any CPU.Build.0 = Release|Any CPU
	EndGlobalSection
	GlobalSection(SolutionProperties) = preSolution
		HideSolutionNode = FALSE
	EndGlobalSection
	GlobalSection(NestedProjects) = preSolution
		{CF0362DE-D0C7-40A9-A688-20C5E2DADD48} = {1B13C640-C141-4079-95EF-8722E1C7FF1B}
		{B8840697-C09A-4E1E-9C11-34437A1542CF} = {1B13C640-C141-4079-95EF-8722E1C7FF1B}
		{6EBC5D9A-2F9C-4CC3-9C87-FEE574825E59} = {1B13C640-C141-4079-95EF-8722E1C7FF1B}
	EndGlobalSection
	GlobalSection(ExtensibilityGlobals) = postSolution
		SolutionGuid = {F68DA8BA-F5AE-4802-905D-0E57293B3685}
	EndGlobalSection
EndGlobal
